
Microsoft Visual Studio Solution File, Format Version 12.00
# Visual Studio Version 16
VisualStudioVersion = 16.0.31702.278
MinimumVisualStudioVersion = 10.0.40219.1
Project("{FAE04EC0-301F-11D3-BF4B-00C04F79EFBC}") = "PaymentsExampleApp", "PaymentsExampleApp.csproj", "{C287AF0F-7925-44CA-93DB-54B2D98CAEEF}"
EndProject
Global
	GlobalSection(SolutionConfigurationPlatforms) = preSolution
		Debug|Any CPU = Debug|Any CPU
		Release|Any CPU = Release|Any CPU
	EndGlobalSection
	GlobalSection(ProjectConfigurationPlatforms) = postSolution
		{C287AF0F-7925-44CA-93DB-54B2D98CAEEF}.Debug|Any CPU.ActiveCfg = Debug|Any CPU
		{C287AF0F-7925-44CA-93DB-54B2D98CAEEF}.Debug|Any CPU.Build.0 = Debug|Any CPU
		{C287AF0F-7925-44CA-93DB-54B2D98CAEEF}.Release|Any CPU.ActiveCfg = Release|Any CPU
		{C287AF0F-7925-44CA-93DB-54B2D98CAEEF}.Release|Any CPU.Build.0 = Release|Any CPU
	EndGlobalSection
	GlobalSection(SolutionProperties) = preSolution
		HideSolutionNode = FALSE
	EndGlobalSection
	GlobalSection(ExtensibilityGlobals) = postSolution
		SolutionGuid = {C0E3CA05-4727-47BF-B193-F3DDC55DEC11}
	EndGlobalSection
EndGlobal
